
Microsoft Visual Studio Solution File, Format Version 12.00
# Visual Studio 15
VisualStudioVersion = 15.0.26430.16
MinimumVisualStudioVersion = 10.0.40219.1
Project("{8BC9CEB8-8B4A-11D0-8D11-00A0C91BC942}") = "ARX_SCRIPT_DEBUGGER", "DANAE_Debugger\ARX_SCRIPT_DEBUGGER.vcxproj", "{FABBC7BA-EF50-4929-8D36-52E5015720E8}"
EndProject
Project("{059D6162-CD51-11D0-AE1F-00A0C90FFFC3}") = "Artemis", "Artemis\Artemis.dsp", "{5F3F6497-1886-4A74-931C-25F878B97A17}"
	ProjectSection(DevStudioProjDeps) = postProject
		0 = EErie
		1 = HERMES
	EndProjectSection
EndProject
Project("{8BC9CEB8-8B4A-11D0-8D11-00A0C91BC942}") = "Athena", "Athena\Athena.vcxproj", "{05C142ED-4368-44DE-89C8-4739B6FA03DE}"
EndProject
Project("{059D6162-CD51-11D0-AE1F-00A0C90FFFC3}") = "Autorun", "Autorun\Autorun.dsp", "{3D09C053-FC1A-40FD-B99D-F33A978B3CE3}"
	ProjectSection(DevStudioProjDeps) = postProject
		0 = Athena
	EndProjectSection
EndProject
Project("{059D6162-CD51-11D0-AE1F-00A0C90FFFC3}") = "AutorunUNICODE", "AutorunUNICODE\AutorunUNICODE.dsp", "{08C915D4-C015-4B2B-8CC1-789F2463F342}"
EndProject
Project("{059D6162-CD51-11D0-AE1F-00A0C90FFFC3}") = "Ceditor", "Ceditor\Ceditor.dsp", "{687B358C-E4B9-4D22-B0FC-BD06EA7B584C}"
EndProject
Project("{8BC9CEB8-8B4A-11D0-8D11-00A0C91BC942}") = "DANAE", "DANAE\DANAE.vcxproj", "{E12D9124-5B3F-4ECE-97FE-417D45107A89}"
EndProject
Project("{8BC9CEB8-8B4A-11D0-8D11-00A0C91BC942}") = "EErie", "EERIE\EErie.vcxproj", "{4CC1FF16-57B7-42F1-A7D7-85EA821743BF}"
EndProject
Project("{8BC9CEB8-8B4A-11D0-8D11-00A0C91BC942}") = "HERMES", "HERMES\HERMES.vcxproj", "{07380FCC-882B-406C-A8AF-5BD73BEE74F7}"
EndProject
Project("{8BC9CEB8-8B4A-11D0-8D11-00A0C91BC942}") = "MINOS", "MINOS\MINOS.vcxproj", "{9E2C7718-60DE-484F-A173-AF4071A2E591}"
EndProject
Project("{8BC9CEB8-8B4A-11D0-8D11-00A0C91BC942}") = "Mercury", "Mercury\Mercury.vcxproj", "{BBD6ED6C-30D6-4C38-8069-B56F6FCBB41A}"
EndProject
Global
	GlobalSection(SolutionConfigurationPlatforms) = preSolution
		Debug|x86 = Debug|x86
		Release|x86 = Release|x86
		Template|x86 = Template|x86
	EndGlobalSection
	GlobalSection(ProjectConfigurationPlatforms) = postSolution
		{FABBC7BA-EF50-4929-8D36-52E5015720E8}.Debug|x86.ActiveCfg = Debug|Win32
		{FABBC7BA-EF50-4929-8D36-52E5015720E8}.Debug|x86.Build.0 = Debug|Win32
		{FABBC7BA-EF50-4929-8D36-52E5015720E8}.Release|x86.ActiveCfg = Release|Win32
		{FABBC7BA-EF50-4929-8D36-52E5015720E8}.Release|x86.Build.0 = Release|Win32
		{FABBC7BA-EF50-4929-8D36-52E5015720E8}.Template|x86.ActiveCfg = Release|Win32
		{FABBC7BA-EF50-4929-8D36-52E5015720E8}.Template|x86.Build.0 = Release|Win32
		{05C142ED-4368-44DE-89C8-4739B6FA03DE}.Debug|x86.ActiveCfg = Debug|Win32
		{05C142ED-4368-44DE-89C8-4739B6FA03DE}.Debug|x86.Build.0 = Debug|Win32
		{05C142ED-4368-44DE-89C8-4739B6FA03DE}.Release|x86.ActiveCfg = Release|Win32
		{05C142ED-4368-44DE-89C8-4739B6FA03DE}.Release|x86.Build.0 = Release|Win32
		{05C142ED-4368-44DE-89C8-4739B6FA03DE}.Template|x86.ActiveCfg = Template|Win32
		{05C142ED-4368-44DE-89C8-4739B6FA03DE}.Template|x86.Build.0 = Template|Win32
		{E12D9124-5B3F-4ECE-97FE-417D45107A89}.Debug|x86.ActiveCfg = Debug|Win32
		{E12D9124-5B3F-4ECE-97FE-417D45107A89}.Debug|x86.Build.0 = Debug|Win32
		{E12D9124-5B3F-4ECE-97FE-417D45107A89}.Release|x86.ActiveCfg = Release|Win32
		{E12D9124-5B3F-4ECE-97FE-417D45107A89}.Release|x86.Build.0 = Release|Win32
		{E12D9124-5B3F-4ECE-97FE-417D45107A89}.Template|x86.ActiveCfg = Template|Win32
		{E12D9124-5B3F-4ECE-97FE-417D45107A89}.Template|x86.Build.0 = Template|Win32
		{4CC1FF16-57B7-42F1-A7D7-85EA821743BF}.Debug|x86.ActiveCfg = Debug|Win32
		{4CC1FF16-57B7-42F1-A7D7-85EA821743BF}.Debug|x86.Build.0 = Debug|Win32
		{4CC1FF16-57B7-42F1-A7D7-85EA821743BF}.Release|x86.ActiveCfg = Release|Win32
		{4CC1FF16-57B7-42F1-A7D7-85EA821743BF}.Release|x86.Build.0 = Release|Win32
		{4CC1FF16-57B7-42F1-A7D7-85EA821743BF}.Template|x86.ActiveCfg = Template|Win32
		{4CC1FF16-57B7-42F1-A7D7-85EA821743BF}.Template|x86.Build.0 = Template|Win32
		{07380FCC-882B-406C-A8AF-5BD73BEE74F7}.Debug|x86.ActiveCfg = Debug|Win32
		{07380FCC-882B-406C-A8AF-5BD73BEE74F7}.Debug|x86.Build.0 = Debug|Win32
		{07380FCC-882B-406C-A8AF-5BD73BEE74F7}.Release|x86.ActiveCfg = Release|Win32
		{07380FCC-882B-406C-A8AF-5BD73BEE74F7}.Release|x86.Build.0 = Release|Win32
		{07380FCC-882B-406C-A8AF-5BD73BEE74F7}.Template|x86.ActiveCfg = Template|Win32
		{07380FCC-882B-406C-A8AF-5BD73BEE74F7}.Template|x86.Build.0 = Template|Win32
		{9E2C7718-60DE-484F-A173-AF4071A2E591}.Debug|x86.ActiveCfg = Debug|Win32
		{9E2C7718-60DE-484F-A173-AF4071A2E591}.Debug|x86.Build.0 = Debug|Win32
		{9E2C7718-60DE-484F-A173-AF4071A2E591}.Release|x86.ActiveCfg = Release|Win32
		{9E2C7718-60DE-484F-A173-AF4071A2E591}.Release|x86.Build.0 = Release|Win32
		{9E2C7718-60DE-484F-A173-AF4071A2E591}.Template|x86.ActiveCfg = Template|Win32
		{9E2C7718-60DE-484F-A173-AF4071A2E591}.Template|x86.Build.0 = Template|Win32
		{BBD6ED6C-30D6-4C38-8069-B56F6FCBB41A}.Debug|x86.ActiveCfg = Debug|Win32
		{BBD6ED6C-30D6-4C38-8069-B56F6FCBB41A}.Debug|x86.Build.0 = Debug|Win32
		{BBD6ED6C-30D6-4C38-8069-B56F6FCBB41A}.Release|x86.ActiveCfg = Release|Win32
		{BBD6ED6C-30D6-4C38-8069-B56F6FCBB41A}.Release|x86.Build.0 = Release|Win32
		{BBD6ED6C-30D6-4C38-8069-B56F6FCBB41A}.Template|x86.ActiveCfg = Template|Win32
		{BBD6ED6C-30D6-4C38-8069-B56F6FCBB41A}.Template|x86.Build.0 = Template|Win32
	EndGlobalSection
	GlobalSection(SolutionProperties) = preSolution
		HideSolutionNode = FALSE
	EndGlobalSection
EndGlobal
