<?xml version="1.0" encoding="utf-8"?>
<Project ToolsVersion="4.0" xmlns="http://schemas.microsoft.com/developer/msbuild/2003">
  <ItemGroup>
    <Filter Include="Source Files">
      <UniqueIdentifier>{541a1b8a-9c39-4b8c-9669-c858ed66dac7}</UniqueIdentifier>
      <Extensions>cpp;c;cxx;rc;def;r;odl;idl;hpj;bat</Extensions>
    </Filter>
    <Filter Include="Source Files\Codec Source Files">
      <UniqueIdentifier>{1c2f6ee8-3c11-44c9-9dd6-af3d4300df67}</UniqueIdentifier>
    </Filter>
    <Filter Include="Source Files\Stream Source Files">
      <UniqueIdentifier>{d80cd331-7165-4370-84e7-d274d490b645}</UniqueIdentifier>
    </Filter>
    <Filter Include="Header Files">
      <UniqueIdentifier>{4388c148-b7df-4fdc-9721-d9aabf3b5e48}</UniqueIdentifier>
      <Extensions>h;hpp;hxx;hm;inl</Extensions>
    </Filter>
    <Filter Include="Header Files\Codec Header Files">
      <UniqueIdentifier>{28d204a5-438f-4088-9450-c1392389b98e}</UniqueIdentifier>
    </Filter>
    <Filter Include="Header Files\Stream Header Files">
      <UniqueIdentifier>{7633d3db-94ec-40f2-8d18-c5c1ec02c5eb}</UniqueIdentifier>
    </Filter>
  </ItemGroup>
  <ItemGroup>
    <ClCompile Include="Athena_CoDec_ADPCM.cpp">
      <Filter>Source Files\Codec Source Files</Filter>
    </ClCompile>
    <ClCompile Include="Athena_Codec_RAW.cpp">
      <Filter>Source Files\Codec Source Files</Filter>
    </ClCompile>
    <ClCompile Include="Athena_Stream_ASF.cpp">
      <Filter>Source Files\Stream Source Files</Filter>
    </ClCompile>
    <ClCompile Include="Athena_Stream_WAV.cpp">
      <Filter>Source Files\Stream Source Files</Filter>
    </ClCompile>
    <ClCompile Include="Athena.cpp">
      <Filter>Source Files</Filter>
    </ClCompile>
    <ClCompile Include="Athena_Ambiance.cpp">
      <Filter>Source Files</Filter>
    </ClCompile>
    <ClCompile Include="Athena_DLL.cpp">
      <Filter>Source Files</Filter>
    </ClCompile>
    <ClCompile Include="Athena_Environment.cpp">
      <Filter>Source Files</Filter>
    </ClCompile>
    <ClCompile Include="Athena_FileIO.cpp">
      <Filter>Source Files</Filter>
    </ClCompile>
    <ClCompile Include="Athena_Global.cpp">
      <Filter>Source Files</Filter>
    </ClCompile>
    <ClCompile Include="Athena_Instance.cpp">
      <Filter>Source Files</Filter>
    </ClCompile>
    <ClCompile Include="Athena_Mixer.cpp">
      <Filter>Source Files</Filter>
    </ClCompile>
    <ClCompile Include="Athena_Resource.cpp">
      <Filter>Source Files</Filter>
    </ClCompile>
    <ClCompile Include="Athena_Sample.cpp">
      <Filter>Source Files</Filter>
    </ClCompile>
    <ClCompile Include="Athena_Stream.cpp">
      <Filter>Source Files</Filter>
    </ClCompile>
    <ClCompile Include="Athena_Track.cpp">
      <Filter>Source Files</Filter>
    </ClCompile>
  </ItemGroup>
  <ItemGroup>
    <ClInclude Include="Athena_Codec_ADPCM.h">
      <Filter>Header Files\Codec Header Files</Filter>
    </ClInclude>
    <ClInclude Include="Athena_Codec_RAW.h">
      <Filter>Header Files\Codec Header Files</Filter>
    </ClInclude>
    <ClInclude Include="Athena_Stream_ASF.h">
      <Filter>Header Files\Stream Header Files</Filter>
    </ClInclude>
    <ClInclude Include="Athena_Stream_WAV.h">
      <Filter>Header Files\Stream Header Files</Filter>
    </ClInclude>
    <ClInclude Include="Athena_Ambiance.h">
      <Filter>Header Files</Filter>
    </ClInclude>
    <ClInclude Include="Athena_Codec.h">
      <Filter>Header Files</Filter>
    </ClInclude>
    <ClInclude Include="Athena_Environment.h">
      <Filter>Header Files</Filter>
    </ClInclude>
    <ClInclude Include="Athena_FileIO.h">
      <Filter>Header Files</Filter>
    </ClInclude>
    <ClInclude Include="Athena_Global.h">
      <Filter>Header Files</Filter>
    </ClInclude>
    <ClInclude Include="Athena_Instance.h">
      <Filter>Header Files</Filter>
    </ClInclude>
    <ClInclude Include="Athena_Mixer.h">
      <Filter>Header Files</Filter>
    </ClInclude>
    <ClInclude Include="Athena_Resource.h">
      <Filter>Header Files</Filter>
    </ClInclude>
    <ClInclude Include="Athena_Sample.h">
      <Filter>Header Files</Filter>
    </ClInclude>
    <ClInclude Include="Athena_Stream.h">
      <Filter>Header Files</Filter>
    </ClInclude>
    <ClInclude Include="Athena_Track.h">
      <Filter>Header Files</Filter>
    </ClInclude>
    <ClInclude Include="..\Include\Athena.h">
      <Filter>Header Files</Filter>
    </ClInclude>
    <ClInclude Include="..\Include\Athena_Types.h">
      <Filter>Header Files</Filter>
    </ClInclude>
  </ItemGroup>
</Project>